
Microsoft Visual Studio Solution File, Format Version 12.00
# Visual Studio 2012
Project("{FAE04EC0-301F-11D3-BF4B-00C04F79EFBC}") = "ExemploWinForms-JanelaParametro", "ExemploWinForms-JanelaParametro\ExemploWinForms-JanelaParametro.csproj", "{B104AFC0-428D-4649-A0A1-A428D0AE7C3D}"
EndProject
Global
	GlobalSection(SolutionConfigurationPlatforms) = preSolution
		Debug|Any CPU = Debug|Any CPU
		Release|Any CPU = Release|Any CPU
	EndGlobalSection
	GlobalSection(ProjectConfigurationPlatforms) = postSolution
		{B104AFC0-428D-4649-A0A1-A428D0AE7C3D}.Debug|Any CPU.ActiveCfg = Debug|Any CPU
		{B104AFC0-428D-4649-A0A1-A428D0AE7C3D}.Debug|Any CPU.Build.0 = Debug|Any CPU
		{B104AFC0-428D-4649-A0A1-A428D0AE7C3D}.Release|Any CPU.ActiveCfg = Release|Any CPU
		{B104AFC0-428D-4649-A0A1-A428D0AE7C3D}.Release|Any CPU.Build.0 = Release|Any CPU
	EndGlobalSection
	GlobalSection(SolutionProperties) = preSolution
		HideSolutionNode = FALSE
	EndGlobalSection
EndGlobal
